
Microsoft Visual Studio Solution File, Format Version 12.00
# Visual Studio Version 17
VisualStudioVersion = 17.5.33516.290
MinimumVisualStudioVersion = 10.0.40219.1
Project("{9A19103F-16F7-4668-BE54-9A1E7A4F7556}") = "ServicesStore.Api.Authors", "ServicesStore.Api.Authors\ServicesStore.Api.Authors.csproj", "{FF17D002-B3BF-4D3C-A73E-D56926213BAB}"
EndProject
Project("{9A19103F-16F7-4668-BE54-9A1E7A4F7556}") = "ServicesStore.Api.Book", "ServicesStore.Api.Book\ServicesStore.Api.Book.csproj", "{9684FC8E-8E34-46B4-A327-95C437F202F1}"
EndProject
Project("{E53339B2-1760-4266-BCC7-CA923CBCF16C}") = "docker-compose", "docker-compose.dcproj", "{3B2CCEA5-28AE-4C0D-BC49-181084C0BB97}"
EndProject
Global
	GlobalSection(SolutionConfigurationPlatforms) = preSolution
		Debug|Any CPU = Debug|Any CPU
		Release|Any CPU = Release|Any CPU
	EndGlobalSection
	GlobalSection(ProjectConfigurationPlatforms) = postSolution
		{FF17D002-B3BF-4D3C-A73E-D56926213BAB}.Debug|Any CPU.ActiveCfg = Debug|Any CPU
		{FF17D002-B3BF-4D3C-A73E-D56926213BAB}.Debug|Any CPU.Build.0 = Debug|Any CPU
		{FF17D002-B3BF-4D3C-A73E-D56926213BAB}.Release|Any CPU.ActiveCfg = Release|Any CPU
		{FF17D002-B3BF-4D3C-A73E-D56926213BAB}.Release|Any CPU.Build.0 = Release|Any CPU
		{9684FC8E-8E34-46B4-A327-95C437F202F1}.Debug|Any CPU.ActiveCfg = Debug|Any CPU
		{9684FC8E-8E34-46B4-A327-95C437F202F1}.Debug|Any CPU.Build.0 = Debug|Any CPU
		{9684FC8E-8E34-46B4-A327-95C437F202F1}.Release|Any CPU.ActiveCfg = Release|Any CPU
		{9684FC8E-8E34-46B4-A327-95C437F202F1}.Release|Any CPU.Build.0 = Release|Any CPU
		{3B2CCEA5-28AE-4C0D-BC49-181084C0BB97}.Debug|Any CPU.ActiveCfg = Debug|Any CPU
		{3B2CCEA5-28AE-4C0D-BC49-181084C0BB97}.Debug|Any CPU.Build.0 = Debug|Any CPU
		{3B2CCEA5-28AE-4C0D-BC49-181084C0BB97}.Release|Any CPU.ActiveCfg = Release|Any CPU
		{3B2CCEA5-28AE-4C0D-BC49-181084C0BB97}.Release|Any CPU.Build.0 = Release|Any CPU
	EndGlobalSection
	GlobalSection(SolutionProperties) = preSolution
		HideSolutionNode = FALSE
	EndGlobalSection
	GlobalSection(ExtensibilityGlobals) = postSolution
		SolutionGuid = {DB5A0A3F-7F6B-4014-9AEE-A577826DD315}
	EndGlobalSection
EndGlobal
